
Microsoft Visual Studio Solution File, Format Version 12.00
# Visual Studio 15
VisualStudioVersion = 15.0.28307.489
MinimumVisualStudioVersion = 10.0.40219.1
Project("{FAE04EC0-301F-11D3-BF4B-00C04F79EFBC}") = "CosmosScaling", "CosmosScaling\CosmosScaling.csproj", "{108E8A9C-60DB-4ECE-A7A6-B02D1913DC60}"
EndProject
Global
	GlobalSection(SolutionConfigurationPlatforms) = preSolution
		Debug|Any CPU = Debug|Any CPU
		Release|Any CPU = Release|Any CPU
	EndGlobalSection
	GlobalSection(ProjectConfigurationPlatforms) = postSolution
		{108E8A9C-60DB-4ECE-A7A6-B02D1913DC60}.Debug|Any CPU.ActiveCfg = Debug|Any CPU
		{108E8A9C-60DB-4ECE-A7A6-B02D1913DC60}.Debug|Any CPU.Build.0 = Debug|Any CPU
		{108E8A9C-60DB-4ECE-A7A6-B02D1913DC60}.Release|Any CPU.ActiveCfg = Release|Any CPU
		{108E8A9C-60DB-4ECE-A7A6-B02D1913DC60}.Release|Any CPU.Build.0 = Release|Any CPU
	EndGlobalSection
	GlobalSection(SolutionProperties) = preSolution
		HideSolutionNode = FALSE
	EndGlobalSection
	GlobalSection(ExtensibilityGlobals) = postSolution
		SolutionGuid = {0008ACBB-1AE5-4D7E-8131-B9A018A4272A}
	EndGlobalSection
EndGlobal
